// !$*UTF8*$!
{
	archiveVersion = 1;
	classes = {
	};
	objectVersion = 50;
	objects = {

/* Begin PBXBuildFile section */
		8A212BF925BF5A74008DE2F9 /* TrekrMultiPlatformApp.swift in Sources */ = {isa = PBXBuildFile; fileRef = 8A212BE625BF5A70008DE2F9 /* TrekrMultiPlatformApp.swift */; };
		8A212BFA25BF5A74008DE2F9 /* TrekrMultiPlatformApp.swift in Sources */ = {isa = PBXBuildFile; fileRef = 8A212BE625BF5A70008DE2F9 /* TrekrMultiPlatformApp.swift */; };
		8A212BFD25BF5A74008DE2F9 /* Assets.xcassets in Resources */ = {isa = PBXBuildFile; fileRef = 8A212BE825BF5A74008DE2F9 /* Assets.xcassets */; };
		8A212BFE25BF5A74008DE2F9 /* Assets.xcassets in Resources */ = {isa = PBXBuildFile; fileRef = 8A212BE825BF5A74008DE2F9 /* Assets.xcassets */; };
		8A212C0F25BF5D9E008DE2F9 /* tips.json in Resources */ = {isa = PBXBuildFile; fileRef = 8A212C0D25BF5D9E008DE2F9 /* tips.json */; };
		8A212C1025BF5D9E008DE2F9 /* tips.json in Resources */ = {isa = PBXBuildFile; fileRef = 8A212C0D25BF5D9E008DE2F9 /* tips.json */; };
		8A212C1125BF5D9E008DE2F9 /* locations.json in Resources */ = {isa = PBXBuildFile; fileRef = 8A212C0E25BF5D9E008DE2F9 /* locations.json */; };
		8A212C1225BF5D9E008DE2F9 /* locations.json in Resources */ = {isa = PBXBuildFile; fileRef = 8A212C0E25BF5D9E008DE2F9 /* locations.json */; };
		8A212C1625BF5ECF008DE2F9 /* Location.swift in Sources */ = {isa = PBXBuildFile; fileRef = 8A212C1525BF5ECF008DE2F9 /* Location.swift */; };
		8A212C1725BF5ECF008DE2F9 /* Location.swift in Sources */ = {isa = PBXBuildFile; fileRef = 8A212C1525BF5ECF008DE2F9 /* Location.swift */; };
		8A212C1B25BF6101008DE2F9 /* LocationDetail.swift in Sources */ = {isa = PBXBuildFile; fileRef = 8A212C1A25BF6101008DE2F9 /* LocationDetail.swift */; };
		8A212C1C25BF6101008DE2F9 /* LocationDetail.swift in Sources */ = {isa = PBXBuildFile; fileRef = 8A212C1A25BF6101008DE2F9 /* LocationDetail.swift */; };
		8A42FECC25BF79A300829CBC /* LocationStore.swift in Sources */ = {isa = PBXBuildFile; fileRef = 8A42FECB25BF79A300829CBC /* LocationStore.swift */; };
		8A42FECD25BF79A300829CBC /* LocationStore.swift in Sources */ = {isa = PBXBuildFile; fileRef = 8A42FECB25BF79A300829CBC /* LocationStore.swift */; };
		8A42FED125BF8FFA00829CBC /* LocationsList.swift in Sources */ = {isa = PBXBuildFile; fileRef = 8A42FED025BF8FFA00829CBC /* LocationsList.swift */; };
		8A42FED225BF8FFA00829CBC /* LocationsList.swift in Sources */ = {isa = PBXBuildFile; fileRef = 8A42FED025BF8FFA00829CBC /* LocationsList.swift */; };
		8A42FED625BF979E00829CBC /* WorldMap.swift in Sources */ = {isa = PBXBuildFile; fileRef = 8A42FED525BF979E00829CBC /* WorldMap.swift */; };
		8A42FED725BF979E00829CBC /* WorldMap.swift in Sources */ = {isa = PBXBuildFile; fileRef = 8A42FED525BF979E00829CBC /* WorldMap.swift */; };
		8A42FEDB25BF97B700829CBC /* TipsList.swift in Sources */ = {isa = PBXBuildFile; fileRef = 8A42FEDA25BF97B700829CBC /* TipsList.swift */; };
		8A42FEDC25BF97B700829CBC /* TipsList.swift in Sources */ = {isa = PBXBuildFile; fileRef = 8A42FEDA25BF97B700829CBC /* TipsList.swift */; };
/* End PBXBuildFile section */

/* Begin PBXFileReference section */
		8A212BE625BF5A70008DE2F9 /* TrekrMultiPlatformApp.swift */ = {isa = PBXFileReference; lastKnownFileType = sourcecode.swift; path = TrekrMultiPlatformApp.swift; sourceTree = "<group>"; };
		8A212BE825BF5A74008DE2F9 /* Assets.xcassets */ = {isa = PBXFileReference; lastKnownFileType = folder.assetcatalog; path = Assets.xcassets; sourceTree = "<group>"; };
		8A212BED25BF5A74008DE2F9 /* TrekrMultiPlatform.app */ = {isa = PBXFileReference; explicitFileType = wrapper.application; includeInIndex = 0; path = TrekrMultiPlatform.app; sourceTree = BUILT_PRODUCTS_DIR; };
		8A212BF025BF5A74008DE2F9 /* Info.plist */ = {isa = PBXFileReference; lastKnownFileType = text.plist.xml; path = Info.plist; sourceTree = "<group>"; };
		8A212BF525BF5A74008DE2F9 /* TrekrMultiPlatform.app */ = {isa = PBXFileReference; explicitFileType = wrapper.application; includeInIndex = 0; path = TrekrMultiPlatform.app; sourceTree = BUILT_PRODUCTS_DIR; };
		8A212BF725BF5A74008DE2F9 /* Info.plist */ = {isa = PBXFileReference; lastKnownFileType = text.plist.xml; path = Info.plist; sourceTree = "<group>"; };
		8A212BF825BF5A74008DE2F9 /* macOS.entitlements */ = {isa = PBXFileReference; lastKnownFileType = text.plist.entitlements; path = macOS.entitlements; sourceTree = "<group>"; };
		8A212C0D25BF5D9E008DE2F9 /* tips.json */ = {isa = PBXFileReference; fileEncoding = 4; lastKnownFileType = text.json; path = tips.json; sourceTree = "<group>"; };
		8A212C0E25BF5D9E008DE2F9 /* locations.json */ = {isa = PBXFileReference; fileEncoding = 4; lastKnownFileType = text.json; path = locations.json; sourceTree = "<group>"; };
		8A212C1525BF5ECF008DE2F9 /* Location.swift */ = {isa = PBXFileReference; lastKnownFileType = sourcecode.swift; path = Location.swift; sourceTree = "<group>"; };
		8A212C1A25BF6101008DE2F9 /* LocationDetail.swift */ = {isa = PBXFileReference; lastKnownFileType = sourcecode.swift; path = LocationDetail.swift; sourceTree = "<group>"; };
		8A42FECB25BF79A300829CBC /* LocationStore.swift */ = {isa = PBXFileReference; lastKnownFileType = sourcecode.swift; path = LocationStore.swift; sourceTree = "<group>"; };
		8A42FED025BF8FFA00829CBC /* LocationsList.swift */ = {isa = PBXFileReference; lastKnownFileType = sourcecode.swift; path = LocationsList.swift; sourceTree = "<group>"; };
		8A42FED525BF979E00829CBC /* WorldMap.swift */ = {isa = PBXFileReference; lastKnownFileType = sourcecode.swift; path = WorldMap.swift; sourceTree = "<group>"; };
		8A42FEDA25BF97B700829CBC /* TipsList.swift */ = {isa = PBXFileReference; lastKnownFileType = sourcecode.swift; path = TipsList.swift; sourceTree = "<group>"; };
/* End PBXFileReference section */

/* Begin PBXFrameworksBuildPhase section */
		8A212BEA25BF5A74008DE2F9 /* Frameworks */ = {
			isa = PBXFrameworksBuildPhase;
			buildActionMask = 2147483647;
			files = (
			);
			runOnlyForDeploymentPostprocessing = 0;
		};
		8A212BF225BF5A74008DE2F9 /* Frameworks */ = {
			isa = PBXFrameworksBuildPhase;
			buildActionMask = 2147483647;
			files = (
			);
			runOnlyForDeploymentPostprocessing = 0;
		};
/* End PBXFrameworksBuildPhase section */

/* Begin PBXGroup section */
		8A212BE025BF5A70008DE2F9 = {
			isa = PBXGroup;
			children = (
				8A212BE525BF5A70008DE2F9 /* Shared */,
				8A212BEF25BF5A74008DE2F9 /* iOS */,
				8A212BF625BF5A74008DE2F9 /* macOS */,
				8A212BEE25BF5A74008DE2F9 /* Products */,
			);
			sourceTree = "<group>";
		};
		8A212BE525BF5A70008DE2F9 /* Shared */ = {
			isa = PBXGroup;
			children = (
				8A212BE625BF5A70008DE2F9 /* TrekrMultiPlatformApp.swift */,
				8A212C0C25BF5AA2008DE2F9 /* Model */,
				8A212C0925BF5A8C008DE2F9 /* Views */,
				8A212BE825BF5A74008DE2F9 /* Assets.xcassets */,
			);
			path = Shared;
			sourceTree = "<group>";
		};
		8A212BEE25BF5A74008DE2F9 /* Products */ = {
			isa = PBXGroup;
			children = (
				8A212BED25BF5A74008DE2F9 /* TrekrMultiPlatform.app */,
				8A212BF525BF5A74008DE2F9 /* TrekrMultiPlatform.app */,
			);
			name = Products;
			sourceTree = "<group>";
		};
		8A212BEF25BF5A74008DE2F9 /* iOS */ = {
			isa = PBXGroup;
			children = (
				8A212BF025BF5A74008DE2F9 /* Info.plist */,
			);
			path = iOS;
			sourceTree = "<group>";
		};
		8A212BF625BF5A74008DE2F9 /* macOS */ = {
			isa = PBXGroup;
			children = (
				8A212BF725BF5A74008DE2F9 /* Info.plist */,
				8A212BF825BF5A74008DE2F9 /* macOS.entitlements */,
			);
			path = macOS;
			sourceTree = "<group>";
		};
		8A212C0925BF5A8C008DE2F9 /* Views */ = {
			isa = PBXGroup;
			children = (
				8A212C1A25BF6101008DE2F9 /* LocationDetail.swift */,
				8A42FED025BF8FFA00829CBC /* LocationsList.swift */,
				8A42FED525BF979E00829CBC /* WorldMap.swift */,
				8A42FEDA25BF97B700829CBC /* TipsList.swift */,
			);
			path = Views;
			sourceTree = "<group>";
		};
		8A212C0C25BF5AA2008DE2F9 /* Model */ = {
			isa = PBXGroup;
			children = (
				8A212C0E25BF5D9E008DE2F9 /* locations.json */,
				8A212C0D25BF5D9E008DE2F9 /* tips.json */,
				8A212C1525BF5ECF008DE2F9 /* Location.swift */,
				8A42FECB25BF79A300829CBC /* LocationStore.swift */,
			);
			path = Model;
			sourceTree = "<group>";
		};
/* End PBXGroup section */

/* Begin PBXNativeTarget section */
		8A212BEC25BF5A74008DE2F9 /* TrekrMultiPlatform (iOS) */ = {
			isa = PBXNativeTarget;
			buildConfigurationList = 8A212C0125BF5A74008DE2F9 /* Build configuration list for PBXNativeTarget "TrekrMultiPlatform (iOS)" */;
			buildPhases = (
				8A212BE925BF5A74008DE2F9 /* Sources */,
				8A212BEA25BF5A74008DE2F9 /* Frameworks */,
				8A212BEB25BF5A74008DE2F9 /* Resources */,
			);
			buildRules = (
			);
			dependencies = (
			);
			name = "TrekrMultiPlatform (iOS)";
			productName = "TrekrMultiPlatform (iOS)";
			productReference = 8A212BED25BF5A74008DE2F9 /* TrekrMultiPlatform.app */;
			productType = "com.apple.product-type.application";
		};
		8A212BF425BF5A74008DE2F9 /* TrekrMultiPlatform (macOS) */ = {
			isa = PBXNativeTarget;
			buildConfigurationList = 8A212C0425BF5A74008DE2F9 /* Build configuration list for PBXNativeTarget "TrekrMultiPlatform (macOS)" */;
			buildPhases = (
				8A212BF125BF5A74008DE2F9 /* Sources */,
				8A212BF225BF5A74008DE2F9 /* Frameworks */,
				8A212BF325BF5A74008DE2F9 /* Resources */,
			);
			buildRules = (
			);
			dependencies = (
			);
			name = "TrekrMultiPlatform (macOS)";
			productName = "TrekrMultiPlatform (macOS)";
			productReference = 8A212BF525BF5A74008DE2F9 /* TrekrMultiPlatform.app */;
			productType = "com.apple.product-type.application";
		};
/* End PBXNativeTarget section */

/* Begin PBXProject section */
		8A212BE125BF5A70008DE2F9 /* Project object */ = {
			isa = PBXProject;
			attributes = {
				LastSwiftUpdateCheck = 1230;
				LastUpgradeCheck = 1230;
				TargetAttributes = {
					8A212BEC25BF5A74008DE2F9 = {
						CreatedOnToolsVersion = 12.3;
					};
					8A212BF425BF5A74008DE2F9 = {
						CreatedOnToolsVersion = 12.3;
					};
				};
			};
			buildConfigurationList = 8A212BE425BF5A70008DE2F9 /* Build configuration list for PBXProject "TrekrMultiPlatform" */;
			compatibilityVersion = "Xcode 9.3";
			developmentRegion = en;
			hasScannedForEncodings = 0;
			knownRegions = (
				en,
				Base,
			);
			mainGroup = 8A212BE025BF5A70008DE2F9;
			productRefGroup = 8A212BEE25BF5A74008DE2F9 /* Products */;
			projectDirPath = "";
			projectRoot = "";
			targets = (
				8A212BEC25BF5A74008DE2F9 /* TrekrMultiPlatform (iOS) */,
				8A212BF425BF5A74008DE2F9 /* TrekrMultiPlatform (macOS) */,
			);
		};
/* End PBXProject section */

/* Begin PBXResourcesBuildPhase section */
		8A212BEB25BF5A74008DE2F9 /* Resources */ = {
			isa = PBXResourcesBuildPhase;
			buildActionMask = 2147483647;
			files = (
				8A212BFD25BF5A74008DE2F9 /* Assets.xcassets in Resources */,
				8A212C1125BF5D9E008DE2F9 /* locations.json in Resources */,
				8A212C0F25BF5D9E008DE2F9 /* tips.json in Resources */,
			);
			runOnlyForDeploymentPostprocessing = 0;
		};
		8A212BF325BF5A74008DE2F9 /* Resources */ = {
			isa = PBXResourcesBuildPhase;
			buildActionMask = 2147483647;
			files = (
				8A212BFE25BF5A74008DE2F9 /* Assets.xcassets in Resources */,
				8A212C1225BF5D9E008DE2F9 /* locations.json in Resources */,
				8A212C1025BF5D9E008DE2F9 /* tips.json in Resources */,
			);
			runOnlyForDeploymentPostprocessing = 0;
		};
/* End PBXResourcesBuildPhase section */

/* Begin PBXSourcesBuildPhase section */
		8A212BE925BF5A74008DE2F9 /* Sources */ = {
			isa = PBXSourcesBuildPhase;
			buildActionMask = 2147483647;
			files = (
				8A42FECC25BF79A300829CBC /* LocationStore.swift in Sources */,
				8A42FED625BF979E00829CBC /* WorldMap.swift in Sources */,
				8A212C1625BF5ECF008DE2F9 /* Location.swift in Sources */,
				8A42FEDB25BF97B700829CBC /* TipsList.swift in Sources */,
				8A42FED125BF8FFA00829CBC /* LocationsList.swift in Sources */,
				8A212BF925BF5A74008DE2F9 /* TrekrMultiPlatformApp.swift in Sources */,
				8A212C1B25BF6101008DE2F9 /* LocationDetail.swift in Sources */,
			);
			runOnlyForDeploymentPostprocessing = 0;
		};
		8A212BF125BF5A74008DE2F9 /* Sources */ = {
			isa = PBXSourcesBuildPhase;
			buildActionMask = 2147483647;
			files = (
				8A42FECD25BF79A300829CBC /* LocationStore.swift in Sources */,
				8A42FED725BF979E00829CBC /* WorldMap.swift in Sources */,
				8A212C1725BF5ECF008DE2F9 /* Location.swift in Sources */,
				8A42FEDC25BF97B700829CBC /* TipsList.swift in Sources */,
				8A42FED225BF8FFA00829CBC /* LocationsList.swift in Sources */,
				8A212BFA25BF5A74008DE2F9 /* TrekrMultiPlatformApp.swift in Sources */,
				8A212C1C25BF6101008DE2F9 /* LocationDetail.swift in Sources */,
			);
			runOnlyForDeploymentPostprocessing = 0;
		};
/* End PBXSourcesBuildPhase section */

/* Begin XCBuildConfiguration section */
		8A212BFF25BF5A74008DE2F9 /* Debug */ = {
			isa = XCBuildConfiguration;
			buildSettings = {
				ALWAYS_SEARCH_USER_PATHS = NO;
				CLANG_ANALYZER_NONNULL = YES;
				CLANG_ANALYZER_NUMBER_OBJECT_CONVERSION = YES_AGGRESSIVE;
				CLANG_CXX_LANGUAGE_STANDARD = "gnu++14";
				CLANG_CXX_LIBRARY = "libc++";
				CLANG_ENABLE_MODULES = YES;
				CLANG_ENABLE_OBJC_ARC = YES;
				CLANG_ENABLE_OBJC_WEAK = YES;
				CLANG_WARN_BLOCK_CAPTURE_AUTORELEASING = YES;
				CLANG_WARN_BOOL_CONVERSION = YES;
				CLANG_WARN_COMMA = YES;
				CLANG_WARN_CONSTANT_CONVERSION = YES;
				CLANG_WARN_DEPRECATED_OBJC_IMPLEMENTATIONS = YES;
				CLANG_WARN_DIRECT_OBJC_ISA_USAGE = YES_ERROR;
				CLANG_WARN_DOCUMENTATION_COMMENTS = YES;
				CLANG_WARN_EMPTY_BODY = YES;
				CLANG_WARN_ENUM_CONVERSION = YES;
				CLANG_WARN_INFINITE_RECURSION = YES;
				CLANG_WARN_INT_CONVERSION = YES;
				CLANG_WARN_NON_LITERAL_NULL_CONVERSION = YES;
				CLANG_WARN_OBJC_IMPLICIT_RETAIN_SELF = YES;
				CLANG_WARN_OBJC_LITERAL_CONVERSION = YES;
				CLANG_WARN_OBJC_ROOT_CLASS = YES_ERROR;
				CLANG_WARN_QUOTED_INCLUDE_IN_FRAMEWORK_HEADER = YES;
				CLANG_WARN_RANGE_LOOP_ANALYSIS = YES;
				CLANG_WARN_STRICT_PROTOTYPES = YES;
				CLANG_WARN_SUSPICIOUS_MOVE = YES;
				CLANG_WARN_UNGUARDED_AVAILABILITY = YES_AGGRESSIVE;
				CLANG_WARN_UNREACHABLE_CODE = YES;
				CLANG_WARN__DUPLICATE_METHOD_MATCH = YES;
				COPY_PHASE_STRIP = NO;
				DEBUG_INFORMATION_FORMAT = dwarf;
				ENABLE_STRICT_OBJC_MSGSEND = YES;
				ENABLE_TESTABILITY = YES;
				GCC_C_LANGUAGE_STANDARD = gnu11;
				GCC_DYNAMIC_NO_PIC = NO;
				GCC_NO_COMMON_BLOCKS = YES;
				GCC_OPTIMIZATION_LEVEL = 0;
				GCC_PREPROCESSOR_DEFINITIONS = (
					"DEBUG=1",
					"$(inherited)",
				);
				GCC_WARN_64_TO_32_BIT_CONVERSION = YES;
				GCC_WARN_ABOUT_RETURN_TYPE = YES_ERROR;
				GCC_WARN_UNDECLARED_SELECTOR = YES;
				GCC_WARN_UNINITIALIZED_AUTOS = YES_AGGRESSIVE;
				GCC_WARN_UNUSED_FUNCTION = YES;
				GCC_WARN_UNUSED_VARIABLE = YES;
				MTL_ENABLE_DEBUG_INFO = INCLUDE_SOURCE;
				MTL_FAST_MATH = YES;
				ONLY_ACTIVE_ARCH = YES;
				SWIFT_ACTIVE_COMPILATION_CONDITIONS = DEBUG;
				SWIFT_OPTIMIZATION_LEVEL = "-Onone";
			};
			name = Debug;
		};
		8A212C0025BF5A74008DE2F9 /* Release */ = {
			isa = XCBuildConfiguration;
			buildSettings = {
				ALWAYS_SEARCH_USER_PATHS = NO;
				CLANG_ANALYZER_NONNULL = YES;
				CLANG_ANALYZER_NUMBER_OBJECT_CONVERSION = YES_AGGRESSIVE;
				CLANG_CXX_LANGUAGE_STANDARD = "gnu++14";
				CLANG_CXX_LIBRARY = "libc++";
				CLANG_ENABLE_MODULES = YES;
				CLANG_ENABLE_OBJC_ARC = YES;
				CLANG_ENABLE_OBJC_WEAK = YES;
				CLANG_WARN_BLOCK_CAPTURE_AUTORELEASING = YES;
				CLANG_WARN_BOOL_CONVERSION = YES;
				CLANG_WARN_COMMA = YES;
				CLANG_WARN_CONSTANT_CONVERSION = YES;
				CLANG_WARN_DEPRECATED_OBJC_IMPLEMENTATIONS = YES;
				CLANG_WARN_DIRECT_OBJC_ISA_USAGE = YES_ERROR;
				CLANG_WARN_DOCUMENTATION_COMMENTS = YES;
				CLANG_WARN_EMPTY_BODY = YES;
				CLANG_WARN_ENUM_CONVERSION = YES;
				CLANG_WARN_INFINITE_RECURSION = YES;
				CLANG_WARN_INT_CONVERSION = YES;
				CLANG_WARN_NON_LITERAL_NULL_CONVERSION = YES;
				CLANG_WARN_OBJC_IMPLICIT_RETAIN_SELF = YES;
				CLANG_WARN_OBJC_LITERAL_CONVERSION = YES;
				CLANG_WARN_OBJC_ROOT_CLASS = YES_ERROR;
				CLANG_WARN_QUOTED_INCLUDE_IN_FRAMEWORK_HEADER = YES;
				CLANG_WARN_RANGE_LOOP_ANALYSIS = YES;
				CLANG_WARN_STRICT_PROTOTYPES = YES;
				CLANG_WARN_SUSPICIOUS_MOVE = YES;
				CLANG_WARN_UNGUARDED_AVAILABILITY = YES_AGGRESSIVE;
				CLANG_WARN_UNREACHABLE_CODE = YES;
				CLANG_WARN__DUPLICATE_METHOD_MATCH = YES;
				COPY_PHASE_STRIP = NO;
				DEBUG_INFORMATION_FORMAT = "dwarf-with-dsym";
				ENABLE_NS_ASSERTIONS = NO;
				ENABLE_STRICT_OBJC_MSGSEND = YES;
				GCC_C_LANGUAGE_STANDARD = gnu11;
				GCC_NO_COMMON_BLOCKS = YES;
				GCC_WARN_64_TO_32_BIT_CONVERSION = YES;
				GCC_WARN_ABOUT_RETURN_TYPE = YES_ERROR;
				GCC_WARN_UNDECLARED_SELECTOR = YES;
				GCC_WARN_UNINITIALIZED_AUTOS = YES_AGGRESSIVE;
				GCC_WARN_UNUSED_FUNCTION = YES;
				GCC_WARN_UNUSED_VARIABLE = YES;
				MTL_ENABLE_DEBUG_INFO = NO;
				MTL_FAST_MATH = YES;
				SWIFT_COMPILATION_MODE = wholemodule;
				SWIFT_OPTIMIZATION_LEVEL = "-O";
			};
			name = Release;
		};
		8A212C0225BF5A74008DE2F9 /* Debug */ = {
			isa = XCBuildConfiguration;
			buildSettings = {
				ASSETCATALOG_COMPILER_APPICON_NAME = AppIcon;
				ASSETCATALOG_COMPILER_GLOBAL_ACCENT_COLOR_NAME = AccentColor;
				CODE_SIGN_STYLE = Automatic;
				DEVELOPMENT_TEAM = ZXWBUY9FJ7;
				ENABLE_PREVIEWS = YES;
				INFOPLIST_FILE = iOS/Info.plist;
				IPHONEOS_DEPLOYMENT_TARGET = 14.0;
				LD_RUNPATH_SEARCH_PATHS = (
					"$(inherited)",
					"@executable_path/Frameworks",
				);
				PRODUCT_BUNDLE_IDENTIFIER = ca.wu.james.TrekrMultiPlatform;
				PRODUCT_NAME = TrekrMultiPlatform;
				SDKROOT = iphoneos;
				SWIFT_VERSION = 5.0;
				TARGETED_DEVICE_FAMILY = "1,2";
			};
			name = Debug;
		};
		8A212C0325BF5A74008DE2F9 /* Release */ = {
			isa = XCBuildConfiguration;
			buildSettings = {
				ASSETCATALOG_COMPILER_APPICON_NAME = AppIcon;
				ASSETCATALOG_COMPILER_GLOBAL_ACCENT_COLOR_NAME = AccentColor;
				CODE_SIGN_STYLE = Automatic;
				DEVELOPMENT_TEAM = ZXWBUY9FJ7;
				ENABLE_PREVIEWS = YES;
				INFOPLIST_FILE = iOS/Info.plist;
				IPHONEOS_DEPLOYMENT_TARGET = 14.0;
				LD_RUNPATH_SEARCH_PATHS = (
					"$(inherited)",
					"@executable_path/Frameworks",
				);
				PRODUCT_BUNDLE_IDENTIFIER = ca.wu.james.TrekrMultiPlatform;
				PRODUCT_NAME = TrekrMultiPlatform;
				SDKROOT = iphoneos;
				SWIFT_VERSION = 5.0;
				TARGETED_DEVICE_FAMILY = "1,2";
				VALIDATE_PRODUCT = YES;
			};
			name = Release;
		};
		8A212C0525BF5A74008DE2F9 /* Debug */ = {
			isa = XCBuildConfiguration;
			buildSettings = {
				ASSETCATALOG_COMPILER_APPICON_NAME = AppIcon;
				ASSETCATALOG_COMPILER_GLOBAL_ACCENT_COLOR_NAME = AccentColor;
				CODE_SIGN_ENTITLEMENTS = macOS/macOS.entitlements;
				CODE_SIGN_STYLE = Automatic;
				COMBINE_HIDPI_IMAGES = YES;
				DEVELOPMENT_TEAM = ZXWBUY9FJ7;
				ENABLE_HARDENED_RUNTIME = YES;
				ENABLE_PREVIEWS = YES;
				INFOPLIST_FILE = macOS/Info.plist;
				LD_RUNPATH_SEARCH_PATHS = (
					"$(inherited)",
					"@executable_path/../Frameworks",
				);
				MACOSX_DEPLOYMENT_TARGET = 11.0;
				PRODUCT_BUNDLE_IDENTIFIER = ca.wu.james.TrekrMultiPlatform;
				PRODUCT_NAME = TrekrMultiPlatform;
				SDKROOT = macosx;
				SWIFT_VERSION = 5.0;
			};
			name = Debug;
		};
		8A212C0625BF5A74008DE2F9 /* Release */ = {
			isa = XCBuildConfiguration;
			buildSettings = {
				ASSETCATALOG_COMPILER_APPICON_NAME = AppIcon;
				ASSETCATALOG_COMPILER_GLOBAL_ACCENT_COLOR_NAME = AccentColor;
				CODE_SIGN_ENTITLEMENTS = macOS/macOS.entitlements;
				CODE_SIGN_STYLE = Automatic;
				COMBINE_HIDPI_IMAGES = YES;
				DEVELOPMENT_TEAM = ZXWBUY9FJ7;
				ENABLE_HARDENED_RUNTIME = YES;
				ENABLE_PREVIEWS = YES;
				INFOPLIST_FILE = macOS/Info.plist;
				LD_RUNPATH_SEARCH_PATHS = (
					"$(inherited)",
					"@executable_path/../Frameworks",
				);
				MACOSX_DEPLOYMENT_TARGET = 11.0;
				PRODUCT_BUNDLE_IDENTIFIER = ca.wu.james.TrekrMultiPlatform;
				PRODUCT_NAME = TrekrMultiPlatform;
				SDKROOT = macosx;
				SWIFT_VERSION = 5.0;
			};
			name = Release;
		};
/* End XCBuildConfiguration section */

/* Begin XCConfigurationList section */
		8A212BE425BF5A70008DE2F9 /* Build configuration list for PBXProject "TrekrMultiPlatform" */ = {
			isa = XCConfigurationList;
			buildConfigurations = (
				8A212BFF25BF5A74008DE2F9 /* Debug */,
				8A212C0025BF5A74008DE2F9 /* Release */,
			);
			defaultConfigurationIsVisible = 0;
			defaultConfigurationName = Release;
		};
		8A212C0125BF5A74008DE2F9 /* Build configuration list for PBXNativeTarget "TrekrMultiPlatform (iOS)" */ = {
			isa = XCConfigurationList;
			buildConfigurations = (
				8A212C0225BF5A74008DE2F9 /* Debug */,
				8A212C0325BF5A74008DE2F9 /* Release */,
			);
			defaultConfigurationIsVisible = 0;
			defaultConfigurationName = Release;
		};
		8A212C0425BF5A74008DE2F9 /* Build configuration list for PBXNativeTarget "TrekrMultiPlatform (macOS)" */ = {
			isa = XCConfigurationList;
			buildConfigurations = (
				8A212C0525BF5A74008DE2F9 /* Debug */,
				8A212C0625BF5A74008DE2F9 /* Release */,
			);
			defaultConfigurationIsVisible = 0;
			defaultConfigurationName = Release;
		};
/* End XCConfigurationList section */
	};
	rootObject = 8A212BE125BF5A70008DE2F9 /* Project object */;
}
